{
  "nodes": {
    "flakeNimbleLib": {
      "inputs": {
        "nixpkgs": [
          "nixpkgs"
        ]
      },
      "locked": {
        "lastModified": 1662018438,
        "narHash": "sha256-QtNtU6+LX3Wokxf0zlFwKTFOcn6TeDjKQZ+DA9OYtvM=",
        "owner": "riinr",
        "repo": "nim-flakes-lib",
        "rev": "b1fe8340736e3a85d25c709ac3dfd82a55c03cbf",
        "type": "github"
      },
      "original": {
        "owner": "riinr",
        "ref": "master",
        "repo": "nim-flakes-lib",
        "type": "github"
      }
    },
    "nixpkgs": {
      "locked": {
        "lastModified": 1667110639,
        "narHash": "sha256-4FbPESZ5LbqQxkJJJBAfk/zKgF9h/4kyUwjjpJwYlbc=",
        "owner": "NixOS",
        "repo": "nixpkgs",
        "rev": "f38a1f04d1bec1feb61fd101a0539ae2002a7087",
        "type": "github"
      },
      "original": {
        "id": "nixpkgs",
        "type": "indirect"
      }
    },
    "randgen-master": {
      "inputs": {
        "flakeNimbleLib": [
          "flakeNimbleLib"
        ],
        "nixpkgs": [
          "nixpkgs"
        ],
        "src-randgen-master": "src-randgen-master"
      },
      "locked": {
        "dir": "master",
        "lastModified": 1662254773,
        "narHash": "sha256-TQ2187FhLdTs5ecKLLRt1EnvxObz2XG9RfDcnI6KjyA=",
        "owner": "nim-nix-pkgs",
        "repo": "randgen",
        "rev": "d0f6c43224102693f43ac1b9ba079f13eba090b5",
        "type": "github"
      },
      "original": {
        "dir": "master",
        "owner": "nim-nix-pkgs",
        "ref": "master",
        "repo": "randgen",
        "type": "github"
      }
    },
    "root": {
      "inputs": {
        "flakeNimbleLib": "flakeNimbleLib",
        "nixpkgs": "nixpkgs",
        "randgen-master": "randgen-master"
      }
    },
    "src-randgen-master": {
      "flake": false,
      "locked": {
        "lastModified": 1596997147,
        "narHash": "sha256-Koqg2ddCtjPG8EmrOpHNljSZ3pIN/wkbFQ5uiz1J4wI=",
        "owner": "YesDrX",
        "repo": "randgen",
        "rev": "06ab570e89ee93d74840b718d98060f0597dbaba",
        "type": "github"
      },
      "original": {
        "owner": "YesDrX",
        "ref": "refs/heads/master",
        "repo": "randgen",
        "type": "github"
      }
    }
  },
  "root": "root",
  "version": 7
}
